
Microsoft Visual Studio Solution File, Format Version 12.00
# Visual Studio Version 17
VisualStudioVersion = 17.8.34525.116
MinimumVisualStudioVersion = 10.0.40219.1
Project("{FAE04EC0-301F-11D3-BF4B-00C04F79EFBC}") = "SemaphoreApp", "SemaphoreApp\SemaphoreApp.csproj", "{7F855043-4428-40DA-BC95-77ABC12995B4}"
EndProject
Global
	GlobalSection(SolutionConfigurationPlatforms) = preSolution
		Debug|Any CPU = Debug|Any CPU
		Release|Any CPU = Release|Any CPU
	EndGlobalSection
	GlobalSection(ProjectConfigurationPlatforms) = postSolution
		{7F855043-4428-40DA-BC95-77ABC12995B4}.Debug|Any CPU.ActiveCfg = Debug|Any CPU
		{7F855043-4428-40DA-BC95-77ABC12995B4}.Debug|Any CPU.Build.0 = Debug|Any CPU
		{7F855043-4428-40DA-BC95-77ABC12995B4}.Release|Any CPU.ActiveCfg = Release|Any CPU
		{7F855043-4428-40DA-BC95-77ABC12995B4}.Release|Any CPU.Build.0 = Release|Any CPU
	EndGlobalSection
	GlobalSection(SolutionProperties) = preSolution
		HideSolutionNode = FALSE
	EndGlobalSection
	GlobalSection(ExtensibilityGlobals) = postSolution
		SolutionGuid = {90E08F88-A156-43CA-AB5C-0DDA221AF161}
	EndGlobalSection
EndGlobal
